
Microsoft Visual Studio Solution File, Format Version 12.00
# Visual Studio Version 16
VisualStudioVersion = 16.0.810.20
MinimumVisualStudioVersion = 10.0.40219.1
Project("{FAE04EC0-301F-11D3-BF4B-00C04F79EFBC}") = "DapperDemo", "DapperDemo\DapperDemo.csproj", "{CFCE249C-E8A5-40EC-9BCB-324928024B6F}"
EndProject
Global
	GlobalSection(SolutionConfigurationPlatforms) = preSolution
		Debug|Any CPU = Debug|Any CPU
		Release|Any CPU = Release|Any CPU
	EndGlobalSection
	GlobalSection(ProjectConfigurationPlatforms) = postSolution
		{CFCE249C-E8A5-40EC-9BCB-324928024B6F}.Debug|Any CPU.ActiveCfg = Debug|Any CPU
		{CFCE249C-E8A5-40EC-9BCB-324928024B6F}.Debug|Any CPU.Build.0 = Debug|Any CPU
		{CFCE249C-E8A5-40EC-9BCB-324928024B6F}.Release|Any CPU.ActiveCfg = Release|Any CPU
		{CFCE249C-E8A5-40EC-9BCB-324928024B6F}.Release|Any CPU.Build.0 = Release|Any CPU
	EndGlobalSection
	GlobalSection(SolutionProperties) = preSolution
		HideSolutionNode = FALSE
	EndGlobalSection
	GlobalSection(ExtensibilityGlobals) = postSolution
		SolutionGuid = {5803AEB9-D11E-42B0-9A48-233D6AB02DFF}
	EndGlobalSection
EndGlobal
